
Microsoft Visual Studio Solution File, Format Version 12.00
# Visual Studio Version 17
VisualStudioVersion = 17.12.35527.113
MinimumVisualStudioVersion = 10.0.40219.1
Project("{FAE04EC0-301F-11D3-BF4B-00C04F79EFBC}") = "HahnCatFacts.Api", "HahnCatFacts.Api\HahnCatFacts.Api.csproj", "{8C70850B-3A81-44DA-B311-24E5F406A7D4}"
EndProject
Project("{FAE04EC0-301F-11D3-BF4B-00C04F79EFBC}") = "HahnCatFacts.Infrastructure", "HahnCatFacts.Infrastructure\HahnCatFacts.Infrastructure.csproj", "{F3CC2126-ABE5-463F-95A9-9872EA12DAA0}"
EndProject
Project("{FAE04EC0-301F-11D3-BF4B-00C04F79EFBC}") = "HahnCatFacts.Application", "HahnCatFacts.Application\HahnCatFacts.Application.csproj", "{6C348784-B10D-4D4B-839D-80B05E6B5EDD}"
EndProject
Project("{FAE04EC0-301F-11D3-BF4B-00C04F79EFBC}") = "HahnCatFacts.Domain", "HahnCatFacts.Domain\HahnCatFacts.Domain.csproj", "{44C810BF-3817-48A9-92A4-9C107978FFD9}"
EndProject
Project("{FAE04EC0-301F-11D3-BF4B-00C04F79EFBC}") = "HahnCatFacts.Worker", "HahnCatFacts.Service\HahnCatFacts.Worker.csproj", "{8F540820-FFD8-4172-A689-853E39098116}"
EndProject
Project("{FAE04EC0-301F-11D3-BF4B-00C04F79EFBC}") = "HahnCatFacts.Jobs", "HahnCatFacts.Jobs\HahnCatFacts.Jobs.csproj", "{D4B28B91-15AA-4892-B40A-CE38040435F7}"
EndProject
Global
	GlobalSection(SolutionConfigurationPlatforms) = preSolution
		Debug|Any CPU = Debug|Any CPU
		Release|Any CPU = Release|Any CPU
	EndGlobalSection
	GlobalSection(ProjectConfigurationPlatforms) = postSolution
		{8C70850B-3A81-44DA-B311-24E5F406A7D4}.Debug|Any CPU.ActiveCfg = Debug|Any CPU
		{8C70850B-3A81-44DA-B311-24E5F406A7D4}.Debug|Any CPU.Build.0 = Debug|Any CPU
		{8C70850B-3A81-44DA-B311-24E5F406A7D4}.Release|Any CPU.ActiveCfg = Release|Any CPU
		{8C70850B-3A81-44DA-B311-24E5F406A7D4}.Release|Any CPU.Build.0 = Release|Any CPU
		{F3CC2126-ABE5-463F-95A9-9872EA12DAA0}.Debug|Any CPU.ActiveCfg = Debug|Any CPU
		{F3CC2126-ABE5-463F-95A9-9872EA12DAA0}.Debug|Any CPU.Build.0 = Debug|Any CPU
		{F3CC2126-ABE5-463F-95A9-9872EA12DAA0}.Release|Any CPU.ActiveCfg = Release|Any CPU
		{F3CC2126-ABE5-463F-95A9-9872EA12DAA0}.Release|Any CPU.Build.0 = Release|Any CPU
		{6C348784-B10D-4D4B-839D-80B05E6B5EDD}.Debug|Any CPU.ActiveCfg = Debug|Any CPU
		{6C348784-B10D-4D4B-839D-80B05E6B5EDD}.Debug|Any CPU.Build.0 = Debug|Any CPU
		{6C348784-B10D-4D4B-839D-80B05E6B5EDD}.Release|Any CPU.ActiveCfg = Release|Any CPU
		{6C348784-B10D-4D4B-839D-80B05E6B5EDD}.Release|Any CPU.Build.0 = Release|Any CPU
		{44C810BF-3817-48A9-92A4-9C107978FFD9}.Debug|Any CPU.ActiveCfg = Debug|Any CPU
		{44C810BF-3817-48A9-92A4-9C107978FFD9}.Debug|Any CPU.Build.0 = Debug|Any CPU
		{44C810BF-3817-48A9-92A4-9C107978FFD9}.Release|Any CPU.ActiveCfg = Release|Any CPU
		{44C810BF-3817-48A9-92A4-9C107978FFD9}.Release|Any CPU.Build.0 = Release|Any CPU
		{8F540820-FFD8-4172-A689-853E39098116}.Debug|Any CPU.ActiveCfg = Debug|Any CPU
		{8F540820-FFD8-4172-A689-853E39098116}.Debug|Any CPU.Build.0 = Debug|Any CPU
		{8F540820-FFD8-4172-A689-853E39098116}.Release|Any CPU.ActiveCfg = Release|Any CPU
		{8F540820-FFD8-4172-A689-853E39098116}.Release|Any CPU.Build.0 = Release|Any CPU
		{D4B28B91-15AA-4892-B40A-CE38040435F7}.Debug|Any CPU.ActiveCfg = Debug|Any CPU
		{D4B28B91-15AA-4892-B40A-CE38040435F7}.Debug|Any CPU.Build.0 = Debug|Any CPU
		{D4B28B91-15AA-4892-B40A-CE38040435F7}.Release|Any CPU.ActiveCfg = Release|Any CPU
		{D4B28B91-15AA-4892-B40A-CE38040435F7}.Release|Any CPU.Build.0 = Release|Any CPU
	EndGlobalSection
	GlobalSection(SolutionProperties) = preSolution
		HideSolutionNode = FALSE
	EndGlobalSection
EndGlobal
